// !$*UTF8*$!
{
	archiveVersion = 1;
	classes = {
	};
	objectVersion = 56;
	objects = {

/* Begin PBXBuildFile section */
		374048EE29ECE5E5008E9CB3 /* AppDelegate.swift in Sources */ = {isa = PBXBuildFile; fileRef = 374048ED29ECE5E5008E9CB3 /* AppDelegate.swift */; };
		374048F029ECE5E5008E9CB3 /* SceneDelegate.swift in Sources */ = {isa = PBXBuildFile; fileRef = 374048EF29ECE5E5008E9CB3 /* SceneDelegate.swift */; };
		374048F229ECE5E5008E9CB3 /* ConversationsViewController.swift in Sources */ = {isa = PBXBuildFile; fileRef = 374048F129ECE5E5008E9CB3 /* ConversationsViewController.swift */; };
		374048F529ECE5E5008E9CB3 /* Main.storyboard in Resources */ = {isa = PBXBuildFile; fileRef = 374048F329ECE5E5008E9CB3 /* Main.storyboard */; };
		374048F729ECE5E6008E9CB3 /* Assets.xcassets in Resources */ = {isa = PBXBuildFile; fileRef = 374048F629ECE5E6008E9CB3 /* Assets.xcassets */; };
		374048FA29ECE5E6008E9CB3 /* LaunchScreen.storyboard in Resources */ = {isa = PBXBuildFile; fileRef = 374048F829ECE5E6008E9CB3 /* LaunchScreen.storyboard */; };
		3740490829EE0849008E9CB3 /* LoginViewController.swift in Sources */ = {isa = PBXBuildFile; fileRef = 3740490729EE0849008E9CB3 /* LoginViewController.swift */; };
		3740490A29EE0858008E9CB3 /* RegisterViewController.swift in Sources */ = {isa = PBXBuildFile; fileRef = 3740490929EE0858008E9CB3 /* RegisterViewController.swift */; };
		3740490C29EE0877008E9CB3 /* PhotoViewerController.swift in Sources */ = {isa = PBXBuildFile; fileRef = 3740490B29EE0877008E9CB3 /* PhotoViewerController.swift */; };
		3740490E29EE08A4008E9CB3 /* VideoPlayerViewController.swift in Sources */ = {isa = PBXBuildFile; fileRef = 3740490D29EE08A4008E9CB3 /* VideoPlayerViewController.swift */; };
		3740491029EE08CD008E9CB3 /* NewConversationViewController.swift in Sources */ = {isa = PBXBuildFile; fileRef = 3740490F29EE08CD008E9CB3 /* NewConversationViewController.swift */; };
		3740491229EE08E2008E9CB3 /* ProfileViewController.swift in Sources */ = {isa = PBXBuildFile; fileRef = 3740491129EE08E2008E9CB3 /* ProfileViewController.swift */; };
		3740491529EE1463008E9CB3 /* Extensions.swift in Sources */ = {isa = PBXBuildFile; fileRef = 3740491429EE1463008E9CB3 /* Extensions.swift */; };
/* End PBXBuildFile section */

/* Begin PBXFileReference section */
		374048EA29ECE5E5008E9CB3 /* Messenger.app */ = {isa = PBXFileReference; explicitFileType = wrapper.application; includeInIndex = 0; path = Messenger.app; sourceTree = BUILT_PRODUCTS_DIR; };
		374048ED29ECE5E5008E9CB3 /* AppDelegate.swift */ = {isa = PBXFileReference; lastKnownFileType = sourcecode.swift; path = AppDelegate.swift; sourceTree = "<group>"; };
		374048EF29ECE5E5008E9CB3 /* SceneDelegate.swift */ = {isa = PBXFileReference; lastKnownFileType = sourcecode.swift; path = SceneDelegate.swift; sourceTree = "<group>"; };
		374048F129ECE5E5008E9CB3 /* ConversationsViewController.swift */ = {isa = PBXFileReference; lastKnownFileType = sourcecode.swift; path = ConversationsViewController.swift; sourceTree = "<group>"; };
		374048F429ECE5E5008E9CB3 /* Base */ = {isa = PBXFileReference; lastKnownFileType = file.storyboard; name = Base; path = Base.lproj/Main.storyboard; sourceTree = "<group>"; };
		374048F629ECE5E6008E9CB3 /* Assets.xcassets */ = {isa = PBXFileReference; lastKnownFileType = folder.assetcatalog; path = Assets.xcassets; sourceTree = "<group>"; };
		374048F929ECE5E6008E9CB3 /* Base */ = {isa = PBXFileReference; lastKnownFileType = file.storyboard; name = Base; path = Base.lproj/LaunchScreen.storyboard; sourceTree = "<group>"; };
		374048FB29ECE5E6008E9CB3 /* Info.plist */ = {isa = PBXFileReference; lastKnownFileType = text.plist.xml; path = Info.plist; sourceTree = "<group>"; };
		3740490729EE0849008E9CB3 /* LoginViewController.swift */ = {isa = PBXFileReference; lastKnownFileType = sourcecode.swift; path = LoginViewController.swift; sourceTree = "<group>"; };
		3740490929EE0858008E9CB3 /* RegisterViewController.swift */ = {isa = PBXFileReference; lastKnownFileType = sourcecode.swift; path = RegisterViewController.swift; sourceTree = "<group>"; };
		3740490B29EE0877008E9CB3 /* PhotoViewerController.swift */ = {isa = PBXFileReference; lastKnownFileType = sourcecode.swift; path = PhotoViewerController.swift; sourceTree = "<group>"; };
		3740490D29EE08A4008E9CB3 /* VideoPlayerViewController.swift */ = {isa = PBXFileReference; lastKnownFileType = sourcecode.swift; path = VideoPlayerViewController.swift; sourceTree = "<group>"; };
		3740490F29EE08CD008E9CB3 /* NewConversationViewController.swift */ = {isa = PBXFileReference; lastKnownFileType = sourcecode.swift; path = NewConversationViewController.swift; sourceTree = "<group>"; };
		3740491129EE08E2008E9CB3 /* ProfileViewController.swift */ = {isa = PBXFileReference; lastKnownFileType = sourcecode.swift; path = ProfileViewController.swift; sourceTree = "<group>"; };
		3740491429EE1463008E9CB3 /* Extensions.swift */ = {isa = PBXFileReference; lastKnownFileType = sourcecode.swift; path = Extensions.swift; sourceTree = "<group>"; };
/* End PBXFileReference section */

/* Begin PBXFrameworksBuildPhase section */
		374048E729ECE5E5008E9CB3 /* Frameworks */ = {
			isa = PBXFrameworksBuildPhase;
			buildActionMask = 2147483647;
			files = (
			);
			runOnlyForDeploymentPostprocessing = 0;
		};
/* End PBXFrameworksBuildPhase section */

/* Begin PBXGroup section */
		374048E129ECE5E5008E9CB3 = {
			isa = PBXGroup;
			children = (
				374048EC29ECE5E5008E9CB3 /* Messenger */,
				374048EB29ECE5E5008E9CB3 /* Products */,
			);
			sourceTree = "<group>";
		};
		374048EB29ECE5E5008E9CB3 /* Products */ = {
			isa = PBXGroup;
			children = (
				374048EA29ECE5E5008E9CB3 /* Messenger.app */,
			);
			name = Products;
			sourceTree = "<group>";
		};
		374048EC29ECE5E5008E9CB3 /* Messenger */ = {
			isa = PBXGroup;
			children = (
				3740490529ECE90B008E9CB3 /* Resources */,
				3740490429ECE8FF008E9CB3 /* ViewModels */,
				3740490329ECE8F0008E9CB3 /* Models */,
				3740490229ECE8E1008E9CB3 /* Views */,
				3740490129ECE8C9008E9CB3 /* Controllers */,
				374048FB29ECE5E6008E9CB3 /* Info.plist */,
			);
			path = Messenger;
			sourceTree = "<group>";
		};
		3740490129ECE8C9008E9CB3 /* Controllers */ = {
			isa = PBXGroup;
			children = (
				3740491329EE0E9A008E9CB3 /* Login */,
				374048F129ECE5E5008E9CB3 /* ConversationsViewController.swift */,
				3740490B29EE0877008E9CB3 /* PhotoViewerController.swift */,
				3740490D29EE08A4008E9CB3 /* VideoPlayerViewController.swift */,
				3740490F29EE08CD008E9CB3 /* NewConversationViewController.swift */,
				3740491129EE08E2008E9CB3 /* ProfileViewController.swift */,
			);
			path = Controllers;
			sourceTree = "<group>";
		};
		3740490229ECE8E1008E9CB3 /* Views */ = {
			isa = PBXGroup;
			children = (
				3740490629ECE943008E9CB3 /* Storyboards */,
				374048F629ECE5E6008E9CB3 /* Assets.xcassets */,
			);
			path = Views;
			sourceTree = "<group>";
		};
		3740490329ECE8F0008E9CB3 /* Models */ = {
			isa = PBXGroup;
			children = (
			);
			path = Models;
			sourceTree = "<group>";
		};
		3740490429ECE8FF008E9CB3 /* ViewModels */ = {
			isa = PBXGroup;
			children = (
			);
			path = ViewModels;
			sourceTree = "<group>";
		};
		3740490529ECE90B008E9CB3 /* Resources */ = {
			isa = PBXGroup;
			children = (
				374048ED29ECE5E5008E9CB3 /* AppDelegate.swift */,
				374048EF29ECE5E5008E9CB3 /* SceneDelegate.swift */,
				3740491429EE1463008E9CB3 /* Extensions.swift */,
			);
			path = Resources;
			sourceTree = "<group>";
		};
		3740490629ECE943008E9CB3 /* Storyboards */ = {
			isa = PBXGroup;
			children = (
				374048F329ECE5E5008E9CB3 /* Main.storyboard */,
				374048F829ECE5E6008E9CB3 /* LaunchScreen.storyboard */,
			);
			path = Storyboards;
			sourceTree = "<group>";
		};
		3740491329EE0E9A008E9CB3 /* Login */ = {
			isa = PBXGroup;
			children = (
				3740490929EE0858008E9CB3 /* RegisterViewController.swift */,
				3740490729EE0849008E9CB3 /* LoginViewController.swift */,
			);
			path = Login;
			sourceTree = "<group>";
		};
/* End PBXGroup section */

/* Begin PBXNativeTarget section */
		374048E929ECE5E5008E9CB3 /* Messenger */ = {
			isa = PBXNativeTarget;
			buildConfigurationList = 374048FE29ECE5E6008E9CB3 /* Build configuration list for PBXNativeTarget "Messenger" */;
			buildPhases = (
				374048E629ECE5E5008E9CB3 /* Sources */,
				374048E729ECE5E5008E9CB3 /* Frameworks */,
				374048E829ECE5E5008E9CB3 /* Resources */,
			);
			buildRules = (
			);
			dependencies = (
			);
			name = Messenger;
			productName = Messenger;
			productReference = 374048EA29ECE5E5008E9CB3 /* Messenger.app */;
			productType = "com.apple.product-type.application";
		};
/* End PBXNativeTarget section */

/* Begin PBXProject section */
		374048E229ECE5E5008E9CB3 /* Project object */ = {
			isa = PBXProject;
			attributes = {
				BuildIndependentTargetsInParallel = 1;
				LastSwiftUpdateCheck = 1420;
				LastUpgradeCheck = 1420;
				TargetAttributes = {
					374048E929ECE5E5008E9CB3 = {
						CreatedOnToolsVersion = 14.2;
					};
				};
			};
			buildConfigurationList = 374048E529ECE5E5008E9CB3 /* Build configuration list for PBXProject "Messenger" */;
			compatibilityVersion = "Xcode 14.0";
			developmentRegion = en;
			hasScannedForEncodings = 0;
			knownRegions = (
				en,
				Base,
			);
			mainGroup = 374048E129ECE5E5008E9CB3;
			productRefGroup = 374048EB29ECE5E5008E9CB3 /* Products */;
			projectDirPath = "";
			projectRoot = "";
			targets = (
				374048E929ECE5E5008E9CB3 /* Messenger */,
			);
		};
/* End PBXProject section */

/* Begin PBXResourcesBuildPhase section */
		374048E829ECE5E5008E9CB3 /* Resources */ = {
			isa = PBXResourcesBuildPhase;
			buildActionMask = 2147483647;
			files = (
				374048FA29ECE5E6008E9CB3 /* LaunchScreen.storyboard in Resources */,
				374048F729ECE5E6008E9CB3 /* Assets.xcassets in Resources */,
				374048F529ECE5E5008E9CB3 /* Main.storyboard in Resources */,
			);
			runOnlyForDeploymentPostprocessing = 0;
		};
/* End PBXResourcesBuildPhase section */

/* Begin PBXSourcesBuildPhase section */
		374048E629ECE5E5008E9CB3 /* Sources */ = {
			isa = PBXSourcesBuildPhase;
			buildActionMask = 2147483647;
			files = (
				3740490829EE0849008E9CB3 /* LoginViewController.swift in Sources */,
				3740490A29EE0858008E9CB3 /* RegisterViewController.swift in Sources */,
				3740491029EE08CD008E9CB3 /* NewConversationViewController.swift in Sources */,
				374048F229ECE5E5008E9CB3 /* ConversationsViewController.swift in Sources */,
				3740490E29EE08A4008E9CB3 /* VideoPlayerViewController.swift in Sources */,
				3740491529EE1463008E9CB3 /* Extensions.swift in Sources */,
				374048EE29ECE5E5008E9CB3 /* AppDelegate.swift in Sources */,
				3740491229EE08E2008E9CB3 /* ProfileViewController.swift in Sources */,
				374048F029ECE5E5008E9CB3 /* SceneDelegate.swift in Sources */,
				3740490C29EE0877008E9CB3 /* PhotoViewerController.swift in Sources */,
			);
			runOnlyForDeploymentPostprocessing = 0;
		};
/* End PBXSourcesBuildPhase section */

/* Begin PBXVariantGroup section */
		374048F329ECE5E5008E9CB3 /* Main.storyboard */ = {
			isa = PBXVariantGroup;
			children = (
				374048F429ECE5E5008E9CB3 /* Base */,
			);
			name = Main.storyboard;
			sourceTree = "<group>";
		};
		374048F829ECE5E6008E9CB3 /* LaunchScreen.storyboard */ = {
			isa = PBXVariantGroup;
			children = (
				374048F929ECE5E6008E9CB3 /* Base */,
			);
			name = LaunchScreen.storyboard;
			sourceTree = "<group>";
		};
/* End PBXVariantGroup section */

/* Begin XCBuildConfiguration section */
		374048FC29ECE5E6008E9CB3 /* Debug */ = {
			isa = XCBuildConfiguration;
			buildSettings = {
				ALWAYS_SEARCH_USER_PATHS = NO;
				CLANG_ANALYZER_NONNULL = YES;
				CLANG_ANALYZER_NUMBER_OBJECT_CONVERSION = YES_AGGRESSIVE;
				CLANG_CXX_LANGUAGE_STANDARD = "gnu++20";
				CLANG_ENABLE_MODULES = YES;
				CLANG_ENABLE_OBJC_ARC = YES;
				CLANG_ENABLE_OBJC_WEAK = YES;
				CLANG_WARN_BLOCK_CAPTURE_AUTORELEASING = YES;
				CLANG_WARN_BOOL_CONVERSION = YES;
				CLANG_WARN_COMMA = YES;
				CLANG_WARN_CONSTANT_CONVERSION = YES;
				CLANG_WARN_DEPRECATED_OBJC_IMPLEMENTATIONS = YES;
				CLANG_WARN_DIRECT_OBJC_ISA_USAGE = YES_ERROR;
				CLANG_WARN_DOCUMENTATION_COMMENTS = YES;
				CLANG_WARN_EMPTY_BODY = YES;
				CLANG_WARN_ENUM_CONVERSION = YES;
				CLANG_WARN_INFINITE_RECURSION = YES;
				CLANG_WARN_INT_CONVERSION = YES;
				CLANG_WARN_NON_LITERAL_NULL_CONVERSION = YES;
				CLANG_WARN_OBJC_IMPLICIT_RETAIN_SELF = YES;
				CLANG_WARN_OBJC_LITERAL_CONVERSION = YES;
				CLANG_WARN_OBJC_ROOT_CLASS = YES_ERROR;
				CLANG_WARN_QUOTED_INCLUDE_IN_FRAMEWORK_HEADER = YES;
				CLANG_WARN_RANGE_LOOP_ANALYSIS = YES;
				CLANG_WARN_STRICT_PROTOTYPES = YES;
				CLANG_WARN_SUSPICIOUS_MOVE = YES;
				CLANG_WARN_UNGUARDED_AVAILABILITY = YES_AGGRESSIVE;
				CLANG_WARN_UNREACHABLE_CODE = YES;
				CLANG_WARN__DUPLICATE_METHOD_MATCH = YES;
				COPY_PHASE_STRIP = NO;
				DEBUG_INFORMATION_FORMAT = dwarf;
				ENABLE_STRICT_OBJC_MSGSEND = YES;
				ENABLE_TESTABILITY = YES;
				GCC_C_LANGUAGE_STANDARD = gnu11;
				GCC_DYNAMIC_NO_PIC = NO;
				GCC_NO_COMMON_BLOCKS = YES;
				GCC_OPTIMIZATION_LEVEL = 0;
				GCC_PREPROCESSOR_DEFINITIONS = (
					"DEBUG=1",
					"$(inherited)",
				);
				GCC_WARN_64_TO_32_BIT_CONVERSION = YES;
				GCC_WARN_ABOUT_RETURN_TYPE = YES_ERROR;
				GCC_WARN_UNDECLARED_SELECTOR = YES;
				GCC_WARN_UNINITIALIZED_AUTOS = YES_AGGRESSIVE;
				GCC_WARN_UNUSED_FUNCTION = YES;
				GCC_WARN_UNUSED_VARIABLE = YES;
				IPHONEOS_DEPLOYMENT_TARGET = 16.2;
				MTL_ENABLE_DEBUG_INFO = INCLUDE_SOURCE;
				MTL_FAST_MATH = YES;
				ONLY_ACTIVE_ARCH = YES;
				SDKROOT = iphoneos;
				SWIFT_ACTIVE_COMPILATION_CONDITIONS = DEBUG;
				SWIFT_OPTIMIZATION_LEVEL = "-Onone";
			};
			name = Debug;
		};
		374048FD29ECE5E6008E9CB3 /* Release */ = {
			isa = XCBuildConfiguration;
			buildSettings = {
				ALWAYS_SEARCH_USER_PATHS = NO;
				CLANG_ANALYZER_NONNULL = YES;
				CLANG_ANALYZER_NUMBER_OBJECT_CONVERSION = YES_AGGRESSIVE;
				CLANG_CXX_LANGUAGE_STANDARD = "gnu++20";
				CLANG_ENABLE_MODULES = YES;
				CLANG_ENABLE_OBJC_ARC = YES;
				CLANG_ENABLE_OBJC_WEAK = YES;
				CLANG_WARN_BLOCK_CAPTURE_AUTORELEASING = YES;
				CLANG_WARN_BOOL_CONVERSION = YES;
				CLANG_WARN_COMMA = YES;
				CLANG_WARN_CONSTANT_CONVERSION = YES;
				CLANG_WARN_DEPRECATED_OBJC_IMPLEMENTATIONS = YES;
				CLANG_WARN_DIRECT_OBJC_ISA_USAGE = YES_ERROR;
				CLANG_WARN_DOCUMENTATION_COMMENTS = YES;
				CLANG_WARN_EMPTY_BODY = YES;
				CLANG_WARN_ENUM_CONVERSION = YES;
				CLANG_WARN_INFINITE_RECURSION = YES;
				CLANG_WARN_INT_CONVERSION = YES;
				CLANG_WARN_NON_LITERAL_NULL_CONVERSION = YES;
				CLANG_WARN_OBJC_IMPLICIT_RETAIN_SELF = YES;
				CLANG_WARN_OBJC_LITERAL_CONVERSION = YES;
				CLANG_WARN_OBJC_ROOT_CLASS = YES_ERROR;
				CLANG_WARN_QUOTED_INCLUDE_IN_FRAMEWORK_HEADER = YES;
				CLANG_WARN_RANGE_LOOP_ANALYSIS = YES;
				CLANG_WARN_STRICT_PROTOTYPES = YES;
				CLANG_WARN_SUSPICIOUS_MOVE = YES;
				CLANG_WARN_UNGUARDED_AVAILABILITY = YES_AGGRESSIVE;
				CLANG_WARN_UNREACHABLE_CODE = YES;
				CLANG_WARN__DUPLICATE_METHOD_MATCH = YES;
				COPY_PHASE_STRIP = NO;
				DEBUG_INFORMATION_FORMAT = "dwarf-with-dsym";
				ENABLE_NS_ASSERTIONS = NO;
				ENABLE_STRICT_OBJC_MSGSEND = YES;
				GCC_C_LANGUAGE_STANDARD = gnu11;
				GCC_NO_COMMON_BLOCKS = YES;
				GCC_WARN_64_TO_32_BIT_CONVERSION = YES;
				GCC_WARN_ABOUT_RETURN_TYPE = YES_ERROR;
				GCC_WARN_UNDECLARED_SELECTOR = YES;
				GCC_WARN_UNINITIALIZED_AUTOS = YES_AGGRESSIVE;
				GCC_WARN_UNUSED_FUNCTION = YES;
				GCC_WARN_UNUSED_VARIABLE = YES;
				IPHONEOS_DEPLOYMENT_TARGET = 16.2;
				MTL_ENABLE_DEBUG_INFO = NO;
				MTL_FAST_MATH = YES;
				SDKROOT = iphoneos;
				SWIFT_COMPILATION_MODE = wholemodule;
				SWIFT_OPTIMIZATION_LEVEL = "-O";
				VALIDATE_PRODUCT = YES;
			};
			name = Release;
		};
		374048FF29ECE5E6008E9CB3 /* Debug */ = {
			isa = XCBuildConfiguration;
			buildSettings = {
				ASSETCATALOG_COMPILER_APPICON_NAME = AppIcon;
				ASSETCATALOG_COMPILER_GLOBAL_ACCENT_COLOR_NAME = AccentColor;
				CODE_SIGN_STYLE = Automatic;
				CURRENT_PROJECT_VERSION = 1;
				DEVELOPMENT_TEAM = RLTH2MTG7Z;
				GENERATE_INFOPLIST_FILE = YES;
				INFOPLIST_FILE = Messenger/Info.plist;
				INFOPLIST_KEY_UIApplicationSupportsIndirectInputEvents = YES;
				INFOPLIST_KEY_UILaunchStoryboardName = LaunchScreen;
				INFOPLIST_KEY_UIMainStoryboardFile = Main;
				INFOPLIST_KEY_UISupportedInterfaceOrientations = UIInterfaceOrientationPortrait;
				LD_RUNPATH_SEARCH_PATHS = (
					"$(inherited)",
					"@executable_path/Frameworks",
				);
				MARKETING_VERSION = 1.0;
				PRODUCT_BUNDLE_IDENTIFIER = winnibear12.Messenger;
				PRODUCT_NAME = "$(TARGET_NAME)";
				SWIFT_EMIT_LOC_STRINGS = YES;
				SWIFT_VERSION = 5.0;
				TARGETED_DEVICE_FAMILY = "1,2";
			};
			name = Debug;
		};
		3740490029ECE5E6008E9CB3 /* Release */ = {
			isa = XCBuildConfiguration;
			buildSettings = {
				ASSETCATALOG_COMPILER_APPICON_NAME = AppIcon;
				ASSETCATALOG_COMPILER_GLOBAL_ACCENT_COLOR_NAME = AccentColor;
				CODE_SIGN_STYLE = Automatic;
				CURRENT_PROJECT_VERSION = 1;
				DEVELOPMENT_TEAM = RLTH2MTG7Z;
				GENERATE_INFOPLIST_FILE = YES;
				INFOPLIST_FILE = Messenger/Info.plist;
				INFOPLIST_KEY_UIApplicationSupportsIndirectInputEvents = YES;
				INFOPLIST_KEY_UILaunchStoryboardName = LaunchScreen;
				INFOPLIST_KEY_UIMainStoryboardFile = Main;
				INFOPLIST_KEY_UISupportedInterfaceOrientations = UIInterfaceOrientationPortrait;
				LD_RUNPATH_SEARCH_PATHS = (
					"$(inherited)",
					"@executable_path/Frameworks",
				);
				MARKETING_VERSION = 1.0;
				PRODUCT_BUNDLE_IDENTIFIER = winnibear12.Messenger;
				PRODUCT_NAME = "$(TARGET_NAME)";
				SWIFT_EMIT_LOC_STRINGS = YES;
				SWIFT_VERSION = 5.0;
				TARGETED_DEVICE_FAMILY = "1,2";
			};
			name = Release;
		};
/* End XCBuildConfiguration section */

/* Begin XCConfigurationList section */
		374048E529ECE5E5008E9CB3 /* Build configuration list for PBXProject "Messenger" */ = {
			isa = XCConfigurationList;
			buildConfigurations = (
				374048FC29ECE5E6008E9CB3 /* Debug */,
				374048FD29ECE5E6008E9CB3 /* Release */,
			);
			defaultConfigurationIsVisible = 0;
			defaultConfigurationName = Release;
		};
		374048FE29ECE5E6008E9CB3 /* Build configuration list for PBXNativeTarget "Messenger" */ = {
			isa = XCConfigurationList;
			buildConfigurations = (
				374048FF29ECE5E6008E9CB3 /* Debug */,
				3740490029ECE5E6008E9CB3 /* Release */,
			);
			defaultConfigurationIsVisible = 0;
			defaultConfigurationName = Release;
		};
/* End XCConfigurationList section */
	};
	rootObject = 374048E229ECE5E5008E9CB3 /* Project object */;
}
