// !$*UTF8*$!
{
	archiveVersion = 1;
	classes = {
	};
	objectVersion = 56;
	objects = {

/* Begin PBXBuildFile section */
		3709C3082A02E41F00382DEA /* ConversationTableViewCell.swift in Sources */ = {isa = PBXBuildFile; fileRef = 3709C3072A02E41F00382DEA /* ConversationTableViewCell.swift */; };
		372AAD2F29EF38C0006DE3C5 /* GoogleService-Info.plist in Resources */ = {isa = PBXBuildFile; fileRef = 372AAD2E29EF38C0006DE3C5 /* GoogleService-Info.plist */; };
		374048EE29ECE5E5008E9CB3 /* AppDelegate.swift in Sources */ = {isa = PBXBuildFile; fileRef = 374048ED29ECE5E5008E9CB3 /* AppDelegate.swift */; };
		374048F029ECE5E5008E9CB3 /* SceneDelegate.swift in Sources */ = {isa = PBXBuildFile; fileRef = 374048EF29ECE5E5008E9CB3 /* SceneDelegate.swift */; };
		374048F229ECE5E5008E9CB3 /* ConversationsViewController.swift in Sources */ = {isa = PBXBuildFile; fileRef = 374048F129ECE5E5008E9CB3 /* ConversationsViewController.swift */; };
		374048F529ECE5E5008E9CB3 /* Main.storyboard in Resources */ = {isa = PBXBuildFile; fileRef = 374048F329ECE5E5008E9CB3 /* Main.storyboard */; };
		374048F729ECE5E6008E9CB3 /* Assets.xcassets in Resources */ = {isa = PBXBuildFile; fileRef = 374048F629ECE5E6008E9CB3 /* Assets.xcassets */; };
		374048FA29ECE5E6008E9CB3 /* LaunchScreen.storyboard in Resources */ = {isa = PBXBuildFile; fileRef = 374048F829ECE5E6008E9CB3 /* LaunchScreen.storyboard */; };
		3740490829EE0849008E9CB3 /* LoginViewController.swift in Sources */ = {isa = PBXBuildFile; fileRef = 3740490729EE0849008E9CB3 /* LoginViewController.swift */; };
		3740490A29EE0858008E9CB3 /* RegisterViewController.swift in Sources */ = {isa = PBXBuildFile; fileRef = 3740490929EE0858008E9CB3 /* RegisterViewController.swift */; };
		3740490C29EE0877008E9CB3 /* PhotoViewerViewController.swift in Sources */ = {isa = PBXBuildFile; fileRef = 3740490B29EE0877008E9CB3 /* PhotoViewerViewController.swift */; };
		3740491029EE08CD008E9CB3 /* NewConversationViewController.swift in Sources */ = {isa = PBXBuildFile; fileRef = 3740490F29EE08CD008E9CB3 /* NewConversationViewController.swift */; };
		3740491229EE08E2008E9CB3 /* ProfileViewController.swift in Sources */ = {isa = PBXBuildFile; fileRef = 3740491129EE08E2008E9CB3 /* ProfileViewController.swift */; };
		3740491529EE1463008E9CB3 /* Extensions.swift in Sources */ = {isa = PBXBuildFile; fileRef = 3740491429EE1463008E9CB3 /* Extensions.swift */; };
		3740DDE629F390D2009A2DFC /* FacebookLogin in Frameworks */ = {isa = PBXBuildFile; productRef = 3740DDE529F390D2009A2DFC /* FacebookLogin */; };
		3740DDEA29F62D91009A2DFC /* MessageKit in Frameworks */ = {isa = PBXBuildFile; productRef = 3740DDE929F62D91009A2DFC /* MessageKit */; };
		3740DDED29F62DCB009A2DFC /* JGProgressHUD-SwiftUI in Frameworks */ = {isa = PBXBuildFile; productRef = 3740DDEC29F62DCB009A2DFC /* JGProgressHUD-SwiftUI */; };
		3740DDF029F62E55009A2DFC /* Realm in Frameworks */ = {isa = PBXBuildFile; productRef = 3740DDEF29F62E55009A2DFC /* Realm */; };
		3740DDF229F62E55009A2DFC /* RealmSwift in Frameworks */ = {isa = PBXBuildFile; productRef = 3740DDF129F62E55009A2DFC /* RealmSwift */; };
		3740DDF529F62EA1009A2DFC /* SDWebImageSwiftUI in Frameworks */ = {isa = PBXBuildFile; productRef = 3740DDF429F62EA1009A2DFC /* SDWebImageSwiftUI */; };
		3740DDF829F62EC9009A2DFC /* SDWebImage in Frameworks */ = {isa = PBXBuildFile; productRef = 3740DDF729F62EC9009A2DFC /* SDWebImage */; };
		3740DDFA29F62EC9009A2DFC /* SDWebImageMapKit in Frameworks */ = {isa = PBXBuildFile; productRef = 3740DDF929F62EC9009A2DFC /* SDWebImageMapKit */; };
		3740DDFC29F63257009A2DFC /* ChatViewController.swift in Sources */ = {isa = PBXBuildFile; fileRef = 3740DDFB29F63257009A2DFC /* ChatViewController.swift */; };
		3741BDA429FA1E6B002A8FEA /* StorageManager.swift in Sources */ = {isa = PBXBuildFile; fileRef = 3741BDA329FA1E6B002A8FEA /* StorageManager.swift */; };
		375AA22329F08E320091816E /* DatabaseManager.swift in Sources */ = {isa = PBXBuildFile; fileRef = 375AA22229F08E320091816E /* DatabaseManager.swift */; };
		375AA22629F092920091816E /* FirebaseDatabase in Frameworks */ = {isa = PBXBuildFile; productRef = 375AA22529F092920091816E /* FirebaseDatabase */; };
		375AA22829F092920091816E /* FirebaseDatabaseSwift in Frameworks */ = {isa = PBXBuildFile; productRef = 375AA22729F092920091816E /* FirebaseDatabaseSwift */; };
		378295AD2A11DBC700FAAE4D /* SwiftProtobuf in Frameworks */ = {isa = PBXBuildFile; productRef = 378295AC2A11DBC700FAAE4D /* SwiftProtobuf */; };
		378295AF2A11DBC700FAAE4D /* SwiftProtobufPluginLibrary in Frameworks */ = {isa = PBXBuildFile; productRef = 378295AE2A11DBC700FAAE4D /* SwiftProtobufPluginLibrary */; };
		378295B12A11DBC700FAAE4D /* protoc-gen-swift in Frameworks */ = {isa = PBXBuildFile; productRef = 378295B02A11DBC700FAAE4D /* protoc-gen-swift */; };
		378E72E32A11DD8400B5F812 /* LocationPickerViewController.swift in Sources */ = {isa = PBXBuildFile; fileRef = 378E72E22A11DD8400B5F812 /* LocationPickerViewController.swift */; };
		378E72E52A11DE5500B5F812 /* NewConversationCell.swift in Sources */ = {isa = PBXBuildFile; fileRef = 378E72E42A11DE5500B5F812 /* NewConversationCell.swift */; };
		378E72E72A11DF5200B5F812 /* ChatModels.swift in Sources */ = {isa = PBXBuildFile; fileRef = 378E72E62A11DF5200B5F812 /* ChatModels.swift */; };
		378E72E92A11DF6D00B5F812 /* ConversationsModels.swift in Sources */ = {isa = PBXBuildFile; fileRef = 378E72E82A11DF6D00B5F812 /* ConversationsModels.swift */; };
		378E72EB2A11DF8100B5F812 /* ProfileViewModel.swift in Sources */ = {isa = PBXBuildFile; fileRef = 378E72EA2A11DF8100B5F812 /* ProfileViewModel.swift */; };
		378E72ED2A11DF9400B5F812 /* SearchResult.swift in Sources */ = {isa = PBXBuildFile; fileRef = 378E72EC2A11DF9400B5F812 /* SearchResult.swift */; };
		378E72F02A11E13300B5F812 /* GoogleSignIn in Frameworks */ = {isa = PBXBuildFile; productRef = 378E72EF2A11E13300B5F812 /* GoogleSignIn */; };
		378E72F22A11E13300B5F812 /* GoogleSignInSwift in Frameworks */ = {isa = PBXBuildFile; productRef = 378E72F12A11E13300B5F812 /* GoogleSignInSwift */; };
		37FDAE9129F071C000995E7E /* FirebaseAnalytics in Frameworks */ = {isa = PBXBuildFile; productRef = 37FDAE9029F071C000995E7E /* FirebaseAnalytics */; };
		37FDAE9329F071C000995E7E /* FirebaseAnalyticsSwift in Frameworks */ = {isa = PBXBuildFile; productRef = 37FDAE9229F071C000995E7E /* FirebaseAnalyticsSwift */; };
		37FDAE9529F071C000995E7E /* FirebaseAppCheck in Frameworks */ = {isa = PBXBuildFile; productRef = 37FDAE9429F071C000995E7E /* FirebaseAppCheck */; };
		37FDAE9729F071C000995E7E /* FirebaseAuth in Frameworks */ = {isa = PBXBuildFile; productRef = 37FDAE9629F071C000995E7E /* FirebaseAuth */; };
		37FDAE9929F071C000995E7E /* FirebaseCrashlytics in Frameworks */ = {isa = PBXBuildFile; productRef = 37FDAE9829F071C000995E7E /* FirebaseCrashlytics */; };
		37FDAE9B29F071C000995E7E /* FirebaseMessaging in Frameworks */ = {isa = PBXBuildFile; productRef = 37FDAE9A29F071C000995E7E /* FirebaseMessaging */; };
		37FDAE9D29F071C000995E7E /* FirebaseStorage in Frameworks */ = {isa = PBXBuildFile; productRef = 37FDAE9C29F071C000995E7E /* FirebaseStorage */; };
		37FDAE9F29F071C000995E7E /* FirebaseStorageCombine-Community in Frameworks */ = {isa = PBXBuildFile; productRef = 37FDAE9E29F071C000995E7E /* FirebaseStorageCombine-Community */; };
/* End PBXBuildFile section */

/* Begin PBXCopyFilesBuildPhase section */
		376C44BC29EF1BC70001B1A8 /* Embed Frameworks */ = {
			isa = PBXCopyFilesBuildPhase;
			buildActionMask = 2147483647;
			dstPath = "";
			dstSubfolderSpec = 10;
			files = (
			);
			name = "Embed Frameworks";
			runOnlyForDeploymentPostprocessing = 0;
		};
/* End PBXCopyFilesBuildPhase section */

/* Begin PBXFileReference section */
		3709C3072A02E41F00382DEA /* ConversationTableViewCell.swift */ = {isa = PBXFileReference; lastKnownFileType = sourcecode.swift; path = ConversationTableViewCell.swift; sourceTree = "<group>"; };
		372AAD2E29EF38C0006DE3C5 /* GoogleService-Info.plist */ = {isa = PBXFileReference; fileEncoding = 4; lastKnownFileType = text.plist.xml; name = "GoogleService-Info.plist"; path = "../../../../Downloads/GoogleService-Info.plist"; sourceTree = "<group>"; };
		374048EA29ECE5E5008E9CB3 /* Messenger.app */ = {isa = PBXFileReference; explicitFileType = wrapper.application; includeInIndex = 0; path = Messenger.app; sourceTree = BUILT_PRODUCTS_DIR; };
		374048ED29ECE5E5008E9CB3 /* AppDelegate.swift */ = {isa = PBXFileReference; lastKnownFileType = sourcecode.swift; path = AppDelegate.swift; sourceTree = "<group>"; };
		374048EF29ECE5E5008E9CB3 /* SceneDelegate.swift */ = {isa = PBXFileReference; lastKnownFileType = sourcecode.swift; path = SceneDelegate.swift; sourceTree = "<group>"; };
		374048F129ECE5E5008E9CB3 /* ConversationsViewController.swift */ = {isa = PBXFileReference; lastKnownFileType = sourcecode.swift; path = ConversationsViewController.swift; sourceTree = "<group>"; };
		374048F429ECE5E5008E9CB3 /* Base */ = {isa = PBXFileReference; lastKnownFileType = file.storyboard; name = Base; path = Base.lproj/Main.storyboard; sourceTree = "<group>"; };
		374048F629ECE5E6008E9CB3 /* Assets.xcassets */ = {isa = PBXFileReference; lastKnownFileType = folder.assetcatalog; path = Assets.xcassets; sourceTree = "<group>"; };
		374048F929ECE5E6008E9CB3 /* Base */ = {isa = PBXFileReference; lastKnownFileType = file.storyboard; name = Base; path = Base.lproj/LaunchScreen.storyboard; sourceTree = "<group>"; };
		374048FB29ECE5E6008E9CB3 /* Info.plist */ = {isa = PBXFileReference; lastKnownFileType = text.plist.xml; path = Info.plist; sourceTree = "<group>"; };
		3740490729EE0849008E9CB3 /* LoginViewController.swift */ = {isa = PBXFileReference; lastKnownFileType = sourcecode.swift; path = LoginViewController.swift; sourceTree = "<group>"; };
		3740490929EE0858008E9CB3 /* RegisterViewController.swift */ = {isa = PBXFileReference; lastKnownFileType = sourcecode.swift; path = RegisterViewController.swift; sourceTree = "<group>"; };
		3740490B29EE0877008E9CB3 /* PhotoViewerViewController.swift */ = {isa = PBXFileReference; lastKnownFileType = sourcecode.swift; path = PhotoViewerViewController.swift; sourceTree = "<group>"; };
		3740490F29EE08CD008E9CB3 /* NewConversationViewController.swift */ = {isa = PBXFileReference; lastKnownFileType = sourcecode.swift; path = NewConversationViewController.swift; sourceTree = "<group>"; };
		3740491129EE08E2008E9CB3 /* ProfileViewController.swift */ = {isa = PBXFileReference; lastKnownFileType = sourcecode.swift; path = ProfileViewController.swift; sourceTree = "<group>"; };
		3740491429EE1463008E9CB3 /* Extensions.swift */ = {isa = PBXFileReference; lastKnownFileType = sourcecode.swift; path = Extensions.swift; sourceTree = "<group>"; };
		3740DDE729F39379009A2DFC /* Messenger.entitlements */ = {isa = PBXFileReference; lastKnownFileType = text.plist.entitlements; path = Messenger.entitlements; sourceTree = "<group>"; };
		3740DDFB29F63257009A2DFC /* ChatViewController.swift */ = {isa = PBXFileReference; lastKnownFileType = sourcecode.swift; path = ChatViewController.swift; sourceTree = "<group>"; };
		3741BDA329FA1E6B002A8FEA /* StorageManager.swift */ = {isa = PBXFileReference; lastKnownFileType = sourcecode.swift; path = StorageManager.swift; sourceTree = "<group>"; };
		375AA22229F08E320091816E /* DatabaseManager.swift */ = {isa = PBXFileReference; lastKnownFileType = sourcecode.swift; path = DatabaseManager.swift; sourceTree = "<group>"; };
		378E72E22A11DD8400B5F812 /* LocationPickerViewController.swift */ = {isa = PBXFileReference; lastKnownFileType = sourcecode.swift; path = LocationPickerViewController.swift; sourceTree = "<group>"; };
		378E72E42A11DE5500B5F812 /* NewConversationCell.swift */ = {isa = PBXFileReference; lastKnownFileType = sourcecode.swift; path = NewConversationCell.swift; sourceTree = "<group>"; };
		378E72E62A11DF5200B5F812 /* ChatModels.swift */ = {isa = PBXFileReference; lastKnownFileType = sourcecode.swift; path = ChatModels.swift; sourceTree = "<group>"; };
		378E72E82A11DF6D00B5F812 /* ConversationsModels.swift */ = {isa = PBXFileReference; lastKnownFileType = sourcecode.swift; path = ConversationsModels.swift; sourceTree = "<group>"; };
		378E72EA2A11DF8100B5F812 /* ProfileViewModel.swift */ = {isa = PBXFileReference; lastKnownFileType = sourcecode.swift; path = ProfileViewModel.swift; sourceTree = "<group>"; };
		378E72EC2A11DF9400B5F812 /* SearchResult.swift */ = {isa = PBXFileReference; lastKnownFileType = sourcecode.swift; path = SearchResult.swift; sourceTree = "<group>"; };
/* End PBXFileReference section */

/* Begin PBXFrameworksBuildPhase section */
		374048E729ECE5E5008E9CB3 /* Frameworks */ = {
			isa = PBXFrameworksBuildPhase;
			buildActionMask = 2147483647;
			files = (
				3740DDF029F62E55009A2DFC /* Realm in Frameworks */,
				375AA22829F092920091816E /* FirebaseDatabaseSwift in Frameworks */,
				37FDAE9529F071C000995E7E /* FirebaseAppCheck in Frameworks */,
				3740DDF229F62E55009A2DFC /* RealmSwift in Frameworks */,
				3740DDF529F62EA1009A2DFC /* SDWebImageSwiftUI in Frameworks */,
				37FDAE9729F071C000995E7E /* FirebaseAuth in Frameworks */,
				3740DDEA29F62D91009A2DFC /* MessageKit in Frameworks */,
				37FDAE9B29F071C000995E7E /* FirebaseMessaging in Frameworks */,
				37FDAE9329F071C000995E7E /* FirebaseAnalyticsSwift in Frameworks */,
				3740DDE629F390D2009A2DFC /* FacebookLogin in Frameworks */,
				3740DDFA29F62EC9009A2DFC /* SDWebImageMapKit in Frameworks */,
				37FDAE9929F071C000995E7E /* FirebaseCrashlytics in Frameworks */,
				378295AF2A11DBC700FAAE4D /* SwiftProtobufPluginLibrary in Frameworks */,
				378E72F02A11E13300B5F812 /* GoogleSignIn in Frameworks */,
				378295AD2A11DBC700FAAE4D /* SwiftProtobuf in Frameworks */,
				37FDAE9D29F071C000995E7E /* FirebaseStorage in Frameworks */,
				3740DDED29F62DCB009A2DFC /* JGProgressHUD-SwiftUI in Frameworks */,
				375AA22629F092920091816E /* FirebaseDatabase in Frameworks */,
				37FDAE9129F071C000995E7E /* FirebaseAnalytics in Frameworks */,
				37FDAE9F29F071C000995E7E /* FirebaseStorageCombine-Community in Frameworks */,
				3740DDF829F62EC9009A2DFC /* SDWebImage in Frameworks */,
				378E72F22A11E13300B5F812 /* GoogleSignInSwift in Frameworks */,
				378295B12A11DBC700FAAE4D /* protoc-gen-swift in Frameworks */,
			);
			runOnlyForDeploymentPostprocessing = 0;
		};
/* End PBXFrameworksBuildPhase section */

/* Begin PBXGroup section */
		374048E129ECE5E5008E9CB3 = {
			isa = PBXGroup;
			children = (
				374048EC29ECE5E5008E9CB3 /* Messenger */,
				374048EB29ECE5E5008E9CB3 /* Products */,
				375AA22429F092920091816E /* Frameworks */,
			);
			sourceTree = "<group>";
		};
		374048EB29ECE5E5008E9CB3 /* Products */ = {
			isa = PBXGroup;
			children = (
				374048EA29ECE5E5008E9CB3 /* Messenger.app */,
			);
			name = Products;
			sourceTree = "<group>";
		};
		374048EC29ECE5E5008E9CB3 /* Messenger */ = {
			isa = PBXGroup;
			children = (
				3740DDE729F39379009A2DFC /* Messenger.entitlements */,
				372AAD2E29EF38C0006DE3C5 /* GoogleService-Info.plist */,
				3740490529ECE90B008E9CB3 /* Resources */,
				3740490329ECE8F0008E9CB3 /* Models */,
				3740490229ECE8E1008E9CB3 /* Views */,
				3740490129ECE8C9008E9CB3 /* Controllers */,
				374048FB29ECE5E6008E9CB3 /* Info.plist */,
			);
			path = Messenger;
			sourceTree = "<group>";
		};
		3740490129ECE8C9008E9CB3 /* Controllers */ = {
			isa = PBXGroup;
			children = (
				3740491329EE0E9A008E9CB3 /* Login */,
				374048F129ECE5E5008E9CB3 /* ConversationsViewController.swift */,
				3740490B29EE0877008E9CB3 /* PhotoViewerViewController.swift */,
				3740490F29EE08CD008E9CB3 /* NewConversationViewController.swift */,
				3740491129EE08E2008E9CB3 /* ProfileViewController.swift */,
				3740DDFB29F63257009A2DFC /* ChatViewController.swift */,
				378E72E22A11DD8400B5F812 /* LocationPickerViewController.swift */,
			);
			path = Controllers;
			sourceTree = "<group>";
		};
		3740490229ECE8E1008E9CB3 /* Views */ = {
			isa = PBXGroup;
			children = (
				3740490629ECE943008E9CB3 /* Storyboards */,
				374048F629ECE5E6008E9CB3 /* Assets.xcassets */,
				3709C3072A02E41F00382DEA /* ConversationTableViewCell.swift */,
				378E72E42A11DE5500B5F812 /* NewConversationCell.swift */,
			);
			path = Views;
			sourceTree = "<group>";
		};
		3740490329ECE8F0008E9CB3 /* Models */ = {
			isa = PBXGroup;
			children = (
				378E72E62A11DF5200B5F812 /* ChatModels.swift */,
				378E72E82A11DF6D00B5F812 /* ConversationsModels.swift */,
				378E72EA2A11DF8100B5F812 /* ProfileViewModel.swift */,
				378E72EC2A11DF9400B5F812 /* SearchResult.swift */,
			);
			path = Models;
			sourceTree = "<group>";
		};
		3740490529ECE90B008E9CB3 /* Resources */ = {
			isa = PBXGroup;
			children = (
				374048ED29ECE5E5008E9CB3 /* AppDelegate.swift */,
				374048EF29ECE5E5008E9CB3 /* SceneDelegate.swift */,
				3740491429EE1463008E9CB3 /* Extensions.swift */,
				375AA22229F08E320091816E /* DatabaseManager.swift */,
				3741BDA329FA1E6B002A8FEA /* StorageManager.swift */,
			);
			path = Resources;
			sourceTree = "<group>";
		};
		3740490629ECE943008E9CB3 /* Storyboards */ = {
			isa = PBXGroup;
			children = (
				374048F329ECE5E5008E9CB3 /* Main.storyboard */,
				374048F829ECE5E6008E9CB3 /* LaunchScreen.storyboard */,
			);
			path = Storyboards;
			sourceTree = "<group>";
		};
		3740491329EE0E9A008E9CB3 /* Login */ = {
			isa = PBXGroup;
			children = (
				3740490929EE0858008E9CB3 /* RegisterViewController.swift */,
				3740490729EE0849008E9CB3 /* LoginViewController.swift */,
			);
			path = Login;
			sourceTree = "<group>";
		};
		375AA22429F092920091816E /* Frameworks */ = {
			isa = PBXGroup;
			children = (
			);
			name = Frameworks;
			sourceTree = "<group>";
		};
/* End PBXGroup section */

/* Begin PBXNativeTarget section */
		374048E929ECE5E5008E9CB3 /* Messenger */ = {
			isa = PBXNativeTarget;
			buildConfigurationList = 374048FE29ECE5E6008E9CB3 /* Build configuration list for PBXNativeTarget "Messenger" */;
			buildPhases = (
				374048E629ECE5E5008E9CB3 /* Sources */,
				374048E729ECE5E5008E9CB3 /* Frameworks */,
				374048E829ECE5E5008E9CB3 /* Resources */,
				376C44BC29EF1BC70001B1A8 /* Embed Frameworks */,
			);
			buildRules = (
			);
			dependencies = (
			);
			name = Messenger;
			packageProductDependencies = (
				37FDAE9029F071C000995E7E /* FirebaseAnalytics */,
				37FDAE9229F071C000995E7E /* FirebaseAnalyticsSwift */,
				37FDAE9429F071C000995E7E /* FirebaseAppCheck */,
				37FDAE9629F071C000995E7E /* FirebaseAuth */,
				37FDAE9829F071C000995E7E /* FirebaseCrashlytics */,
				37FDAE9A29F071C000995E7E /* FirebaseMessaging */,
				37FDAE9C29F071C000995E7E /* FirebaseStorage */,
				37FDAE9E29F071C000995E7E /* FirebaseStorageCombine-Community */,
				375AA22529F092920091816E /* FirebaseDatabase */,
				375AA22729F092920091816E /* FirebaseDatabaseSwift */,
				3740DDE529F390D2009A2DFC /* FacebookLogin */,
				3740DDE929F62D91009A2DFC /* MessageKit */,
				3740DDEC29F62DCB009A2DFC /* JGProgressHUD-SwiftUI */,
				3740DDEF29F62E55009A2DFC /* Realm */,
				3740DDF129F62E55009A2DFC /* RealmSwift */,
				3740DDF429F62EA1009A2DFC /* SDWebImageSwiftUI */,
				3740DDF729F62EC9009A2DFC /* SDWebImage */,
				3740DDF929F62EC9009A2DFC /* SDWebImageMapKit */,
				378295AC2A11DBC700FAAE4D /* SwiftProtobuf */,
				378295AE2A11DBC700FAAE4D /* SwiftProtobufPluginLibrary */,
				378295B02A11DBC700FAAE4D /* protoc-gen-swift */,
				378E72EF2A11E13300B5F812 /* GoogleSignIn */,
				378E72F12A11E13300B5F812 /* GoogleSignInSwift */,
			);
			productName = Messenger;
			productReference = 374048EA29ECE5E5008E9CB3 /* Messenger.app */;
			productType = "com.apple.product-type.application";
		};
/* End PBXNativeTarget section */

/* Begin PBXProject section */
		374048E229ECE5E5008E9CB3 /* Project object */ = {
			isa = PBXProject;
			attributes = {
				BuildIndependentTargetsInParallel = 1;
				LastSwiftUpdateCheck = 1420;
				LastUpgradeCheck = 1420;
				TargetAttributes = {
					374048E929ECE5E5008E9CB3 = {
						CreatedOnToolsVersion = 14.2;
					};
				};
			};
			buildConfigurationList = 374048E529ECE5E5008E9CB3 /* Build configuration list for PBXProject "Messenger" */;
			compatibilityVersion = "Xcode 14.0";
			developmentRegion = en;
			hasScannedForEncodings = 0;
			knownRegions = (
				en,
				Base,
			);
			mainGroup = 374048E129ECE5E5008E9CB3;
			packageReferences = (
				37FDAE8F29F071C000995E7E /* XCRemoteSwiftPackageReference "firebase-ios-sdk" */,
				3740DDE429F390D2009A2DFC /* XCRemoteSwiftPackageReference "facebook-ios-sdk" */,
				3740DDE829F62D91009A2DFC /* XCRemoteSwiftPackageReference "MessageKit" */,
				3740DDEB29F62DCB009A2DFC /* XCRemoteSwiftPackageReference "JGProgressHUD-SwiftUI" */,
				3740DDEE29F62E55009A2DFC /* XCRemoteSwiftPackageReference "realm-swift" */,
				3740DDF329F62EA1009A2DFC /* XCRemoteSwiftPackageReference "SDWebImageSwiftUI" */,
				3740DDF629F62EC9009A2DFC /* XCRemoteSwiftPackageReference "SDWebImage" */,
				378295AB2A11DBC700FAAE4D /* XCRemoteSwiftPackageReference "swift-protobuf" */,
				378E72EE2A11E13200B5F812 /* XCRemoteSwiftPackageReference "GoogleSignIn-iOS" */,
			);
			productRefGroup = 374048EB29ECE5E5008E9CB3 /* Products */;
			projectDirPath = "";
			projectRoot = "";
			targets = (
				374048E929ECE5E5008E9CB3 /* Messenger */,
			);
		};
/* End PBXProject section */

/* Begin PBXResourcesBuildPhase section */
		374048E829ECE5E5008E9CB3 /* Resources */ = {
			isa = PBXResourcesBuildPhase;
			buildActionMask = 2147483647;
			files = (
				374048FA29ECE5E6008E9CB3 /* LaunchScreen.storyboard in Resources */,
				374048F729ECE5E6008E9CB3 /* Assets.xcassets in Resources */,
				374048F529ECE5E5008E9CB3 /* Main.storyboard in Resources */,
				372AAD2F29EF38C0006DE3C5 /* GoogleService-Info.plist in Resources */,
			);
			runOnlyForDeploymentPostprocessing = 0;
		};
/* End PBXResourcesBuildPhase section */

/* Begin PBXSourcesBuildPhase section */
		374048E629ECE5E5008E9CB3 /* Sources */ = {
			isa = PBXSourcesBuildPhase;
			buildActionMask = 2147483647;
			files = (
				3740490829EE0849008E9CB3 /* LoginViewController.swift in Sources */,
				378E72E52A11DE5500B5F812 /* NewConversationCell.swift in Sources */,
				375AA22329F08E320091816E /* DatabaseManager.swift in Sources */,
				3740490A29EE0858008E9CB3 /* RegisterViewController.swift in Sources */,
				3740491029EE08CD008E9CB3 /* NewConversationViewController.swift in Sources */,
				374048F229ECE5E5008E9CB3 /* ConversationsViewController.swift in Sources */,
				3740491529EE1463008E9CB3 /* Extensions.swift in Sources */,
				374048EE29ECE5E5008E9CB3 /* AppDelegate.swift in Sources */,
				3740491229EE08E2008E9CB3 /* ProfileViewController.swift in Sources */,
				378E72ED2A11DF9400B5F812 /* SearchResult.swift in Sources */,
				374048F029ECE5E5008E9CB3 /* SceneDelegate.swift in Sources */,
				3709C3082A02E41F00382DEA /* ConversationTableViewCell.swift in Sources */,
				3740DDFC29F63257009A2DFC /* ChatViewController.swift in Sources */,
				378E72EB2A11DF8100B5F812 /* ProfileViewModel.swift in Sources */,
				3740490C29EE0877008E9CB3 /* PhotoViewerViewController.swift in Sources */,
				378E72E32A11DD8400B5F812 /* LocationPickerViewController.swift in Sources */,
				3741BDA429FA1E6B002A8FEA /* StorageManager.swift in Sources */,
				378E72E92A11DF6D00B5F812 /* ConversationsModels.swift in Sources */,
				378E72E72A11DF5200B5F812 /* ChatModels.swift in Sources */,
			);
			runOnlyForDeploymentPostprocessing = 0;
		};
/* End PBXSourcesBuildPhase section */

/* Begin PBXVariantGroup section */
		374048F329ECE5E5008E9CB3 /* Main.storyboard */ = {
			isa = PBXVariantGroup;
			children = (
				374048F429ECE5E5008E9CB3 /* Base */,
			);
			name = Main.storyboard;
			sourceTree = "<group>";
		};
		374048F829ECE5E6008E9CB3 /* LaunchScreen.storyboard */ = {
			isa = PBXVariantGroup;
			children = (
				374048F929ECE5E6008E9CB3 /* Base */,
			);
			name = LaunchScreen.storyboard;
			sourceTree = "<group>";
		};
/* End PBXVariantGroup section */

/* Begin XCBuildConfiguration section */
		374048FC29ECE5E6008E9CB3 /* Debug */ = {
			isa = XCBuildConfiguration;
			buildSettings = {
				ALWAYS_SEARCH_USER_PATHS = NO;
				CLANG_ANALYZER_NONNULL = YES;
				CLANG_ANALYZER_NUMBER_OBJECT_CONVERSION = YES_AGGRESSIVE;
				CLANG_CXX_LANGUAGE_STANDARD = "gnu++20";
				CLANG_ENABLE_MODULES = YES;
				CLANG_ENABLE_OBJC_ARC = YES;
				CLANG_ENABLE_OBJC_WEAK = YES;
				CLANG_WARN_BLOCK_CAPTURE_AUTORELEASING = YES;
				CLANG_WARN_BOOL_CONVERSION = YES;
				CLANG_WARN_COMMA = YES;
				CLANG_WARN_CONSTANT_CONVERSION = YES;
				CLANG_WARN_DEPRECATED_OBJC_IMPLEMENTATIONS = YES;
				CLANG_WARN_DIRECT_OBJC_ISA_USAGE = YES_ERROR;
				CLANG_WARN_DOCUMENTATION_COMMENTS = YES;
				CLANG_WARN_EMPTY_BODY = YES;
				CLANG_WARN_ENUM_CONVERSION = YES;
				CLANG_WARN_INFINITE_RECURSION = YES;
				CLANG_WARN_INT_CONVERSION = YES;
				CLANG_WARN_NON_LITERAL_NULL_CONVERSION = YES;
				CLANG_WARN_OBJC_IMPLICIT_RETAIN_SELF = YES;
				CLANG_WARN_OBJC_LITERAL_CONVERSION = YES;
				CLANG_WARN_OBJC_ROOT_CLASS = YES_ERROR;
				CLANG_WARN_QUOTED_INCLUDE_IN_FRAMEWORK_HEADER = YES;
				CLANG_WARN_RANGE_LOOP_ANALYSIS = YES;
				CLANG_WARN_STRICT_PROTOTYPES = YES;
				CLANG_WARN_SUSPICIOUS_MOVE = YES;
				CLANG_WARN_UNGUARDED_AVAILABILITY = YES_AGGRESSIVE;
				CLANG_WARN_UNREACHABLE_CODE = YES;
				CLANG_WARN__DUPLICATE_METHOD_MATCH = YES;
				COPY_PHASE_STRIP = NO;
				DEBUG_INFORMATION_FORMAT = dwarf;
				ENABLE_STRICT_OBJC_MSGSEND = YES;
				ENABLE_TESTABILITY = YES;
				"EXCLUDED_ARCHS[sdk=*]" = "API-client/Resources/info.plist";
				GCC_C_LANGUAGE_STANDARD = gnu11;
				GCC_DYNAMIC_NO_PIC = NO;
				GCC_NO_COMMON_BLOCKS = YES;
				GCC_OPTIMIZATION_LEVEL = 0;
				GCC_PREPROCESSOR_DEFINITIONS = (
					"DEBUG=1",
					"$(inherited)",
				);
				GCC_WARN_64_TO_32_BIT_CONVERSION = YES;
				GCC_WARN_ABOUT_RETURN_TYPE = YES_ERROR;
				GCC_WARN_UNDECLARED_SELECTOR = YES;
				GCC_WARN_UNINITIALIZED_AUTOS = YES_AGGRESSIVE;
				GCC_WARN_UNUSED_FUNCTION = YES;
				GCC_WARN_UNUSED_VARIABLE = YES;
				IPHONEOS_DEPLOYMENT_TARGET = 16.2;
				MTL_ENABLE_DEBUG_INFO = INCLUDE_SOURCE;
				MTL_FAST_MATH = YES;
				ONLY_ACTIVE_ARCH = YES;
				SDKROOT = iphoneos;
				SWIFT_ACTIVE_COMPILATION_CONDITIONS = DEBUG;
				SWIFT_OPTIMIZATION_LEVEL = "-Onone";
			};
			name = Debug;
		};
		374048FD29ECE5E6008E9CB3 /* Release */ = {
			isa = XCBuildConfiguration;
			buildSettings = {
				ALWAYS_SEARCH_USER_PATHS = NO;
				CLANG_ANALYZER_NONNULL = YES;
				CLANG_ANALYZER_NUMBER_OBJECT_CONVERSION = YES_AGGRESSIVE;
				CLANG_CXX_LANGUAGE_STANDARD = "gnu++20";
				CLANG_ENABLE_MODULES = YES;
				CLANG_ENABLE_OBJC_ARC = YES;
				CLANG_ENABLE_OBJC_WEAK = YES;
				CLANG_WARN_BLOCK_CAPTURE_AUTORELEASING = YES;
				CLANG_WARN_BOOL_CONVERSION = YES;
				CLANG_WARN_COMMA = YES;
				CLANG_WARN_CONSTANT_CONVERSION = YES;
				CLANG_WARN_DEPRECATED_OBJC_IMPLEMENTATIONS = YES;
				CLANG_WARN_DIRECT_OBJC_ISA_USAGE = YES_ERROR;
				CLANG_WARN_DOCUMENTATION_COMMENTS = YES;
				CLANG_WARN_EMPTY_BODY = YES;
				CLANG_WARN_ENUM_CONVERSION = YES;
				CLANG_WARN_INFINITE_RECURSION = YES;
				CLANG_WARN_INT_CONVERSION = YES;
				CLANG_WARN_NON_LITERAL_NULL_CONVERSION = YES;
				CLANG_WARN_OBJC_IMPLICIT_RETAIN_SELF = YES;
				CLANG_WARN_OBJC_LITERAL_CONVERSION = YES;
				CLANG_WARN_OBJC_ROOT_CLASS = YES_ERROR;
				CLANG_WARN_QUOTED_INCLUDE_IN_FRAMEWORK_HEADER = YES;
				CLANG_WARN_RANGE_LOOP_ANALYSIS = YES;
				CLANG_WARN_STRICT_PROTOTYPES = YES;
				CLANG_WARN_SUSPICIOUS_MOVE = YES;
				CLANG_WARN_UNGUARDED_AVAILABILITY = YES_AGGRESSIVE;
				CLANG_WARN_UNREACHABLE_CODE = YES;
				CLANG_WARN__DUPLICATE_METHOD_MATCH = YES;
				COPY_PHASE_STRIP = NO;
				DEBUG_INFORMATION_FORMAT = "dwarf-with-dsym";
				ENABLE_NS_ASSERTIONS = NO;
				ENABLE_STRICT_OBJC_MSGSEND = YES;
				"EXCLUDED_ARCHS[sdk=*]" = "API-client/Resources/info.plist";
				GCC_C_LANGUAGE_STANDARD = gnu11;
				GCC_NO_COMMON_BLOCKS = YES;
				GCC_WARN_64_TO_32_BIT_CONVERSION = YES;
				GCC_WARN_ABOUT_RETURN_TYPE = YES_ERROR;
				GCC_WARN_UNDECLARED_SELECTOR = YES;
				GCC_WARN_UNINITIALIZED_AUTOS = YES_AGGRESSIVE;
				GCC_WARN_UNUSED_FUNCTION = YES;
				GCC_WARN_UNUSED_VARIABLE = YES;
				IPHONEOS_DEPLOYMENT_TARGET = 16.2;
				MTL_ENABLE_DEBUG_INFO = NO;
				MTL_FAST_MATH = YES;
				SDKROOT = iphoneos;
				SWIFT_COMPILATION_MODE = wholemodule;
				SWIFT_OPTIMIZATION_LEVEL = "-O";
				VALIDATE_PRODUCT = YES;
			};
			name = Release;
		};
		374048FF29ECE5E6008E9CB3 /* Debug */ = {
			isa = XCBuildConfiguration;
			buildSettings = {
				ALWAYS_EMBED_SWIFT_STANDARD_LIBRARIES = YES;
				ASSETCATALOG_COMPILER_APPICON_NAME = AppIcon;
				ASSETCATALOG_COMPILER_GLOBAL_ACCENT_COLOR_NAME = AccentColor;
				CODE_SIGN_ENTITLEMENTS = Messenger/Messenger.entitlements;
				CODE_SIGN_STYLE = Automatic;
				CURRENT_PROJECT_VERSION = 1;
				DEVELOPMENT_TEAM = RLTH2MTG7Z;
				EXCLUDED_ARCHS = "arm64 arm64 armv7";
				GENERATE_INFOPLIST_FILE = YES;
				INFOPLIST_FILE = Messenger/Info.plist;
				INFOPLIST_KEY_NSCameraUsageDescription = "Please allow access to take a profile picture";
				INFOPLIST_KEY_NSPhotoLibraryAddUsageDescription = "Please allow access to select a photo for your profile";
				INFOPLIST_KEY_UIApplicationSupportsIndirectInputEvents = YES;
				INFOPLIST_KEY_UILaunchStoryboardName = LaunchScreen;
				INFOPLIST_KEY_UIMainStoryboardFile = Main;
				INFOPLIST_KEY_UISupportedInterfaceOrientations = UIInterfaceOrientationPortrait;
				LD_RUNPATH_SEARCH_PATHS = (
					"$(inherited)",
					"@executable_path/Frameworks",
				);
				MARKETING_VERSION = 1.0;
				ONLY_ACTIVE_ARCH = YES;
				PRODUCT_BUNDLE_IDENTIFIER = com.winnibear12.Messenger;
				PRODUCT_NAME = "$(TARGET_NAME)";
				SWIFT_EMIT_LOC_STRINGS = YES;
				SWIFT_VERSION = 5.0;
				TARGETED_DEVICE_FAMILY = "1,2";
			};
			name = Debug;
		};
		3740490029ECE5E6008E9CB3 /* Release */ = {
			isa = XCBuildConfiguration;
			buildSettings = {
				ASSETCATALOG_COMPILER_APPICON_NAME = AppIcon;
				ASSETCATALOG_COMPILER_GLOBAL_ACCENT_COLOR_NAME = AccentColor;
				CODE_SIGN_ENTITLEMENTS = Messenger/Messenger.entitlements;
				CODE_SIGN_STYLE = Automatic;
				CURRENT_PROJECT_VERSION = 1;
				DEVELOPMENT_TEAM = RLTH2MTG7Z;
				EXCLUDED_ARCHS = "arm64 arm64 armv7";
				GENERATE_INFOPLIST_FILE = YES;
				INFOPLIST_FILE = Messenger/Info.plist;
				INFOPLIST_KEY_NSCameraUsageDescription = "Please allow access to take a profile picture";
				INFOPLIST_KEY_NSPhotoLibraryAddUsageDescription = "Please allow access to select a photo for your profile";
				INFOPLIST_KEY_UIApplicationSupportsIndirectInputEvents = YES;
				INFOPLIST_KEY_UILaunchStoryboardName = LaunchScreen;
				INFOPLIST_KEY_UIMainStoryboardFile = Main;
				INFOPLIST_KEY_UISupportedInterfaceOrientations = UIInterfaceOrientationPortrait;
				LD_RUNPATH_SEARCH_PATHS = (
					"$(inherited)",
					"@executable_path/Frameworks",
				);
				MARKETING_VERSION = 1.0;
				ONLY_ACTIVE_ARCH = YES;
				PRODUCT_BUNDLE_IDENTIFIER = com.winnibear12.Messenger;
				PRODUCT_NAME = "$(TARGET_NAME)";
				SWIFT_EMIT_LOC_STRINGS = YES;
				SWIFT_VERSION = 5.0;
				TARGETED_DEVICE_FAMILY = "1,2";
			};
			name = Release;
		};
/* End XCBuildConfiguration section */

/* Begin XCConfigurationList section */
		374048E529ECE5E5008E9CB3 /* Build configuration list for PBXProject "Messenger" */ = {
			isa = XCConfigurationList;
			buildConfigurations = (
				374048FC29ECE5E6008E9CB3 /* Debug */,
				374048FD29ECE5E6008E9CB3 /* Release */,
			);
			defaultConfigurationIsVisible = 0;
			defaultConfigurationName = Release;
		};
		374048FE29ECE5E6008E9CB3 /* Build configuration list for PBXNativeTarget "Messenger" */ = {
			isa = XCConfigurationList;
			buildConfigurations = (
				374048FF29ECE5E6008E9CB3 /* Debug */,
				3740490029ECE5E6008E9CB3 /* Release */,
			);
			defaultConfigurationIsVisible = 0;
			defaultConfigurationName = Release;
		};
/* End XCConfigurationList section */

/* Begin XCRemoteSwiftPackageReference section */
		3740DDE429F390D2009A2DFC /* XCRemoteSwiftPackageReference "facebook-ios-sdk" */ = {
			isa = XCRemoteSwiftPackageReference;
			repositoryURL = "https://github.com/facebook/facebook-ios-sdk";
			requirement = {
				kind = upToNextMajorVersion;
				minimumVersion = 14.0.0;
			};
		};
		3740DDE829F62D91009A2DFC /* XCRemoteSwiftPackageReference "MessageKit" */ = {
			isa = XCRemoteSwiftPackageReference;
			repositoryURL = "https://github.com/MessageKit/MessageKit.git";
			requirement = {
				kind = upToNextMajorVersion;
				minimumVersion = 4.0.0;
			};
		};
		3740DDEB29F62DCB009A2DFC /* XCRemoteSwiftPackageReference "JGProgressHUD-SwiftUI" */ = {
			isa = XCRemoteSwiftPackageReference;
			repositoryURL = "https://github.com/JonasGessner/JGProgressHUD-SwiftUI.git";
			requirement = {
				kind = upToNextMajorVersion;
				minimumVersion = 0.1.1;
			};
		};
		3740DDEE29F62E55009A2DFC /* XCRemoteSwiftPackageReference "realm-swift" */ = {
			isa = XCRemoteSwiftPackageReference;
			repositoryURL = "https://github.com/realm/realm-swift.git";
			requirement = {
				branch = master;
				kind = branch;
			};
		};
		3740DDF329F62EA1009A2DFC /* XCRemoteSwiftPackageReference "SDWebImageSwiftUI" */ = {
			isa = XCRemoteSwiftPackageReference;
			repositoryURL = "https://github.com/SDWebImage/SDWebImageSwiftUI.git";
			requirement = {
				kind = upToNextMajorVersion;
				minimumVersion = 2.0.0;
			};
		};
		3740DDF629F62EC9009A2DFC /* XCRemoteSwiftPackageReference "SDWebImage" */ = {
			isa = XCRemoteSwiftPackageReference;
			repositoryURL = "https://github.com/SDWebImage/SDWebImage.git";
			requirement = {
				kind = upToNextMajorVersion;
				minimumVersion = 5.0.0;
			};
		};
		378295AB2A11DBC700FAAE4D /* XCRemoteSwiftPackageReference "swift-protobuf" */ = {
			isa = XCRemoteSwiftPackageReference;
			repositoryURL = "https://github.com/apple/swift-protobuf.git";
			requirement = {
				kind = upToNextMajorVersion;
				minimumVersion = 1.0.0;
			};
		};
		378E72EE2A11E13200B5F812 /* XCRemoteSwiftPackageReference "GoogleSignIn-iOS" */ = {
			isa = XCRemoteSwiftPackageReference;
			repositoryURL = "https://github.com/google/GoogleSignIn-iOS.git";
			requirement = {
				kind = upToNextMajorVersion;
				minimumVersion = 7.0.0;
			};
		};
		37FDAE8F29F071C000995E7E /* XCRemoteSwiftPackageReference "firebase-ios-sdk" */ = {
			isa = XCRemoteSwiftPackageReference;
			repositoryURL = "https://github.com/firebase/firebase-ios-sdk";
			requirement = {
				kind = upToNextMajorVersion;
				minimumVersion = 10.0.0;
			};
		};
/* End XCRemoteSwiftPackageReference section */

/* Begin XCSwiftPackageProductDependency section */
		3740DDE529F390D2009A2DFC /* FacebookLogin */ = {
			isa = XCSwiftPackageProductDependency;
			package = 3740DDE429F390D2009A2DFC /* XCRemoteSwiftPackageReference "facebook-ios-sdk" */;
			productName = FacebookLogin;
		};
		3740DDE929F62D91009A2DFC /* MessageKit */ = {
			isa = XCSwiftPackageProductDependency;
			package = 3740DDE829F62D91009A2DFC /* XCRemoteSwiftPackageReference "MessageKit" */;
			productName = MessageKit;
		};
		3740DDEC29F62DCB009A2DFC /* JGProgressHUD-SwiftUI */ = {
			isa = XCSwiftPackageProductDependency;
			package = 3740DDEB29F62DCB009A2DFC /* XCRemoteSwiftPackageReference "JGProgressHUD-SwiftUI" */;
			productName = "JGProgressHUD-SwiftUI";
		};
		3740DDEF29F62E55009A2DFC /* Realm */ = {
			isa = XCSwiftPackageProductDependency;
			package = 3740DDEE29F62E55009A2DFC /* XCRemoteSwiftPackageReference "realm-swift" */;
			productName = Realm;
		};
		3740DDF129F62E55009A2DFC /* RealmSwift */ = {
			isa = XCSwiftPackageProductDependency;
			package = 3740DDEE29F62E55009A2DFC /* XCRemoteSwiftPackageReference "realm-swift" */;
			productName = RealmSwift;
		};
		3740DDF429F62EA1009A2DFC /* SDWebImageSwiftUI */ = {
			isa = XCSwiftPackageProductDependency;
			package = 3740DDF329F62EA1009A2DFC /* XCRemoteSwiftPackageReference "SDWebImageSwiftUI" */;
			productName = SDWebImageSwiftUI;
		};
		3740DDF729F62EC9009A2DFC /* SDWebImage */ = {
			isa = XCSwiftPackageProductDependency;
			package = 3740DDF629F62EC9009A2DFC /* XCRemoteSwiftPackageReference "SDWebImage" */;
			productName = SDWebImage;
		};
		3740DDF929F62EC9009A2DFC /* SDWebImageMapKit */ = {
			isa = XCSwiftPackageProductDependency;
			package = 3740DDF629F62EC9009A2DFC /* XCRemoteSwiftPackageReference "SDWebImage" */;
			productName = SDWebImageMapKit;
		};
		375AA22529F092920091816E /* FirebaseDatabase */ = {
			isa = XCSwiftPackageProductDependency;
			package = 37FDAE8F29F071C000995E7E /* XCRemoteSwiftPackageReference "firebase-ios-sdk" */;
			productName = FirebaseDatabase;
		};
		375AA22729F092920091816E /* FirebaseDatabaseSwift */ = {
			isa = XCSwiftPackageProductDependency;
			package = 37FDAE8F29F071C000995E7E /* XCRemoteSwiftPackageReference "firebase-ios-sdk" */;
			productName = FirebaseDatabaseSwift;
		};
		378295AC2A11DBC700FAAE4D /* SwiftProtobuf */ = {
			isa = XCSwiftPackageProductDependency;
			package = 378295AB2A11DBC700FAAE4D /* XCRemoteSwiftPackageReference "swift-protobuf" */;
			productName = SwiftProtobuf;
		};
		378295AE2A11DBC700FAAE4D /* SwiftProtobufPluginLibrary */ = {
			isa = XCSwiftPackageProductDependency;
			package = 378295AB2A11DBC700FAAE4D /* XCRemoteSwiftPackageReference "swift-protobuf" */;
			productName = SwiftProtobufPluginLibrary;
		};
		378295B02A11DBC700FAAE4D /* protoc-gen-swift */ = {
			isa = XCSwiftPackageProductDependency;
			package = 378295AB2A11DBC700FAAE4D /* XCRemoteSwiftPackageReference "swift-protobuf" */;
			productName = "protoc-gen-swift";
		};
		378E72EF2A11E13300B5F812 /* GoogleSignIn */ = {
			isa = XCSwiftPackageProductDependency;
			package = 378E72EE2A11E13200B5F812 /* XCRemoteSwiftPackageReference "GoogleSignIn-iOS" */;
			productName = GoogleSignIn;
		};
		378E72F12A11E13300B5F812 /* GoogleSignInSwift */ = {
			isa = XCSwiftPackageProductDependency;
			package = 378E72EE2A11E13200B5F812 /* XCRemoteSwiftPackageReference "GoogleSignIn-iOS" */;
			productName = GoogleSignInSwift;
		};
		37FDAE9029F071C000995E7E /* FirebaseAnalytics */ = {
			isa = XCSwiftPackageProductDependency;
			package = 37FDAE8F29F071C000995E7E /* XCRemoteSwiftPackageReference "firebase-ios-sdk" */;
			productName = FirebaseAnalytics;
		};
		37FDAE9229F071C000995E7E /* FirebaseAnalyticsSwift */ = {
			isa = XCSwiftPackageProductDependency;
			package = 37FDAE8F29F071C000995E7E /* XCRemoteSwiftPackageReference "firebase-ios-sdk" */;
			productName = FirebaseAnalyticsSwift;
		};
		37FDAE9429F071C000995E7E /* FirebaseAppCheck */ = {
			isa = XCSwiftPackageProductDependency;
			package = 37FDAE8F29F071C000995E7E /* XCRemoteSwiftPackageReference "firebase-ios-sdk" */;
			productName = FirebaseAppCheck;
		};
		37FDAE9629F071C000995E7E /* FirebaseAuth */ = {
			isa = XCSwiftPackageProductDependency;
			package = 37FDAE8F29F071C000995E7E /* XCRemoteSwiftPackageReference "firebase-ios-sdk" */;
			productName = FirebaseAuth;
		};
		37FDAE9829F071C000995E7E /* FirebaseCrashlytics */ = {
			isa = XCSwiftPackageProductDependency;
			package = 37FDAE8F29F071C000995E7E /* XCRemoteSwiftPackageReference "firebase-ios-sdk" */;
			productName = FirebaseCrashlytics;
		};
		37FDAE9A29F071C000995E7E /* FirebaseMessaging */ = {
			isa = XCSwiftPackageProductDependency;
			package = 37FDAE8F29F071C000995E7E /* XCRemoteSwiftPackageReference "firebase-ios-sdk" */;
			productName = FirebaseMessaging;
		};
		37FDAE9C29F071C000995E7E /* FirebaseStorage */ = {
			isa = XCSwiftPackageProductDependency;
			package = 37FDAE8F29F071C000995E7E /* XCRemoteSwiftPackageReference "firebase-ios-sdk" */;
			productName = FirebaseStorage;
		};
		37FDAE9E29F071C000995E7E /* FirebaseStorageCombine-Community */ = {
			isa = XCSwiftPackageProductDependency;
			package = 37FDAE8F29F071C000995E7E /* XCRemoteSwiftPackageReference "firebase-ios-sdk" */;
			productName = "FirebaseStorageCombine-Community";
		};
/* End XCSwiftPackageProductDependency section */
	};
	rootObject = 374048E229ECE5E5008E9CB3 /* Project object */;
}
